// !$*UTF8*$!
{
	archiveVersion = 1;
	classes = {
	};
	objectVersion = 56;
	objects = {

/* Begin PBXBuildFile section */
		6025C8E529BE3C8E00F393ED /* String+DPStringTool.swift in Sources */ = {isa = PBXBuildFile; fileRef = 6025C8E429BE3C8E00F393ED /* String+DPStringTool.swift */; };
		6025C8E729BE483400F393ED /* ExhaustiveSearch.swift in Sources */ = {isa = PBXBuildFile; fileRef = 6025C8E629BE483400F393ED /* ExhaustiveSearch.swift */; };
		6025C8FD29BFBB0100F393ED /* Board.swift in Sources */ = {isa = PBXBuildFile; fileRef = 6025C8FC29BFBB0100F393ED /* Board.swift */; };
		6025C8FF29BFBB0800F393ED /* QueensSolver.swift in Sources */ = {isa = PBXBuildFile; fileRef = 6025C8FE29BFBB0800F393ED /* QueensSolver.swift */; };
		6025C90129BFBD7A00F393ED /* Backtracking.swift in Sources */ = {isa = PBXBuildFile; fileRef = 6025C90029BFBD7A00F393ED /* Backtracking.swift */; };
		60D8269729BA87B400FA67D0 /* main.swift in Sources */ = {isa = PBXBuildFile; fileRef = 60D8269629BA87B400FA67D0 /* main.swift */; };
		60D8269F29BA87D700FA67D0 /* Recursion.swift in Sources */ = {isa = PBXBuildFile; fileRef = 60D8269E29BA87D700FA67D0 /* Recursion.swift */; };
		60F4525A29C3B427004FFBF2 /* Searching.swift in Sources */ = {isa = PBXBuildFile; fileRef = 60F4525929C3B427004FFBF2 /* Searching.swift */; };
		60F4525C29C3B432004FFBF2 /* Sorting.swift in Sources */ = {isa = PBXBuildFile; fileRef = 60F4525B29C3B432004FFBF2 /* Sorting.swift */; };
		60F4525F29C8EFE5004FFBF2 /* String.swift in Sources */ = {isa = PBXBuildFile; fileRef = 60F4525E29C8EFE5004FFBF2 /* String.swift */; };
		60F4526229C8F41C004FFBF2 /* Bag.swift in Sources */ = {isa = PBXBuildFile; fileRef = 60F4526129C8F41C004FFBF2 /* Bag.swift */; };
		60F4526429C9818E004FFBF2 /* Stack.swift in Sources */ = {isa = PBXBuildFile; fileRef = 60F4526329C9818E004FFBF2 /* Stack.swift */; };
		60F4526629C98199004FFBF2 /* Queue.swift in Sources */ = {isa = PBXBuildFile; fileRef = 60F4526529C98199004FFBF2 /* Queue.swift */; };
/* End PBXBuildFile section */

/* Begin PBXCopyFilesBuildPhase section */
		60D8269129BA87B400FA67D0 /* CopyFiles */ = {
			isa = PBXCopyFilesBuildPhase;
			buildActionMask = 2147483647;
			dstPath = /usr/share/man/man1/;
			dstSubfolderSpec = 0;
			files = (
			);
			runOnlyForDeploymentPostprocessing = 1;
		};
/* End PBXCopyFilesBuildPhase section */

/* Begin PBXFileReference section */
		6025C8E429BE3C8E00F393ED /* String+DPStringTool.swift */ = {isa = PBXFileReference; lastKnownFileType = sourcecode.swift; path = "String+DPStringTool.swift"; sourceTree = "<group>"; };
		6025C8E629BE483400F393ED /* ExhaustiveSearch.swift */ = {isa = PBXFileReference; lastKnownFileType = sourcecode.swift; path = ExhaustiveSearch.swift; sourceTree = "<group>"; };
		6025C8FC29BFBB0100F393ED /* Board.swift */ = {isa = PBXFileReference; fileEncoding = 4; lastKnownFileType = sourcecode.swift; path = Board.swift; sourceTree = "<group>"; };
		6025C8FE29BFBB0800F393ED /* QueensSolver.swift */ = {isa = PBXFileReference; fileEncoding = 4; lastKnownFileType = sourcecode.swift; path = QueensSolver.swift; sourceTree = "<group>"; };
		6025C90029BFBD7A00F393ED /* Backtracking.swift */ = {isa = PBXFileReference; lastKnownFileType = sourcecode.swift; path = Backtracking.swift; sourceTree = "<group>"; };
		60D8269329BA87B400FA67D0 /* Swift-AGDS */ = {isa = PBXFileReference; explicitFileType = "compiled.mach-o.executable"; includeInIndex = 0; path = "Swift-AGDS"; sourceTree = BUILT_PRODUCTS_DIR; };
		60D8269629BA87B400FA67D0 /* main.swift */ = {isa = PBXFileReference; lastKnownFileType = sourcecode.swift; path = main.swift; sourceTree = "<group>"; };
		60D8269E29BA87D700FA67D0 /* Recursion.swift */ = {isa = PBXFileReference; lastKnownFileType = sourcecode.swift; path = Recursion.swift; sourceTree = "<group>"; };
		60D826A029BA91F000FA67D0 /* story.txt */ = {isa = PBXFileReference; fileEncoding = 4; lastKnownFileType = text; path = story.txt; sourceTree = "<group>"; };
		60F4525929C3B427004FFBF2 /* Searching.swift */ = {isa = PBXFileReference; lastKnownFileType = sourcecode.swift; path = Searching.swift; sourceTree = "<group>"; };
		60F4525B29C3B432004FFBF2 /* Sorting.swift */ = {isa = PBXFileReference; lastKnownFileType = sourcecode.swift; path = Sorting.swift; sourceTree = "<group>"; };
		60F4525E29C8EFE5004FFBF2 /* String.swift */ = {isa = PBXFileReference; lastKnownFileType = sourcecode.swift; path = String.swift; sourceTree = "<group>"; };
		60F4526129C8F41C004FFBF2 /* Bag.swift */ = {isa = PBXFileReference; lastKnownFileType = sourcecode.swift; path = Bag.swift; sourceTree = "<group>"; };
		60F4526329C9818E004FFBF2 /* Stack.swift */ = {isa = PBXFileReference; lastKnownFileType = sourcecode.swift; path = Stack.swift; sourceTree = "<group>"; };
		60F4526529C98199004FFBF2 /* Queue.swift */ = {isa = PBXFileReference; lastKnownFileType = sourcecode.swift; path = Queue.swift; sourceTree = "<group>"; };
/* End PBXFileReference section */

/* Begin PBXFrameworksBuildPhase section */
		60D8269029BA87B400FA67D0 /* Frameworks */ = {
			isa = PBXFrameworksBuildPhase;
			buildActionMask = 2147483647;
			files = (
			);
			runOnlyForDeploymentPostprocessing = 0;
		};
/* End PBXFrameworksBuildPhase section */

/* Begin PBXGroup section */
		6025C8E329BE3C7100F393ED /* Utils */ = {
			isa = PBXGroup;
			children = (
				6025C8E429BE3C8E00F393ED /* String+DPStringTool.swift */,
			);
			path = Utils;
			sourceTree = "<group>";
		};
		6025C8FB29BFBAD500F393ED /* N-Queens */ = {
			isa = PBXGroup;
			children = (
				6025C8FC29BFBB0100F393ED /* Board.swift */,
				6025C8FE29BFBB0800F393ED /* QueensSolver.swift */,
			);
			path = "N-Queens";
			sourceTree = "<group>";
		};
		60D8268A29BA87B400FA67D0 = {
			isa = PBXGroup;
			children = (
				60D8269529BA87B400FA67D0 /* Swift-AGDS */,
				60D8269429BA87B400FA67D0 /* Products */,
			);
			sourceTree = "<group>";
		};
		60D8269429BA87B400FA67D0 /* Products */ = {
			isa = PBXGroup;
			children = (
				60D8269329BA87B400FA67D0 /* Swift-AGDS */,
			);
			name = Products;
			sourceTree = "<group>";
		};
		60D8269529BA87B400FA67D0 /* Swift-AGDS */ = {
			isa = PBXGroup;
			children = (
				60F4526729CA5441004FFBF2 /* Graph */,
				60F4526029C8F408004FFBF2 /* DataStructures */,
				60F4525D29C8EFD7004FFBF2 /* String */,
				60F4525829C3B412004FFBF2 /* SearchingSorting */,
				6025C8FB29BFBAD500F393ED /* N-Queens */,
				6025C8E329BE3C7100F393ED /* Utils */,
				60D8269D29BA87BF00FA67D0 /* Recursion */,
				60D8269629BA87B400FA67D0 /* main.swift */,
			);
			path = "Swift-AGDS";
			sourceTree = "<group>";
		};
		60D8269D29BA87BF00FA67D0 /* Recursion */ = {
			isa = PBXGroup;
			children = (
				60D8269E29BA87D700FA67D0 /* Recursion.swift */,
				60D826A029BA91F000FA67D0 /* story.txt */,
				6025C8E629BE483400F393ED /* ExhaustiveSearch.swift */,
				6025C90029BFBD7A00F393ED /* Backtracking.swift */,
			);
			path = Recursion;
			sourceTree = "<group>";
		};
		60F4525829C3B412004FFBF2 /* SearchingSorting */ = {
			isa = PBXGroup;
			children = (
				60F4525929C3B427004FFBF2 /* Searching.swift */,
				60F4525B29C3B432004FFBF2 /* Sorting.swift */,
			);
			path = SearchingSorting;
			sourceTree = "<group>";
		};
		60F4525D29C8EFD7004FFBF2 /* String */ = {
			isa = PBXGroup;
			children = (
				60F4525E29C8EFE5004FFBF2 /* String.swift */,
			);
			path = String;
			sourceTree = "<group>";
		};
		60F4526029C8F408004FFBF2 /* DataStructures */ = {
			isa = PBXGroup;
			children = (
				60F4526129C8F41C004FFBF2 /* Bag.swift */,
				60F4526329C9818E004FFBF2 /* Stack.swift */,
				60F4526529C98199004FFBF2 /* Queue.swift */,
			);
			path = DataStructures;
			sourceTree = "<group>";
		};
		60F4526729CA5441004FFBF2 /* Graph */ = {
			isa = PBXGroup;
			children = (
			);
			path = Graph;
			sourceTree = "<group>";
		};
/* End PBXGroup section */

/* Begin PBXNativeTarget section */
		60D8269229BA87B400FA67D0 /* Swift-AGDS */ = {
			isa = PBXNativeTarget;
			buildConfigurationList = 60D8269A29BA87B400FA67D0 /* Build configuration list for PBXNativeTarget "Swift-AGDS" */;
			buildPhases = (
				60D8268F29BA87B400FA67D0 /* Sources */,
				60D8269029BA87B400FA67D0 /* Frameworks */,
				60D8269129BA87B400FA67D0 /* CopyFiles */,
			);
			buildRules = (
			);
			dependencies = (
			);
			name = "Swift-AGDS";
			productName = "Swift-AGDS";
			productReference = 60D8269329BA87B400FA67D0 /* Swift-AGDS */;
			productType = "com.apple.product-type.tool";
		};
/* End PBXNativeTarget section */

/* Begin PBXProject section */
		60D8268B29BA87B400FA67D0 /* Project object */ = {
			isa = PBXProject;
			attributes = {
				BuildIndependentTargetsInParallel = 1;
				LastSwiftUpdateCheck = 1420;
				LastUpgradeCheck = 1420;
				TargetAttributes = {
					60D8269229BA87B400FA67D0 = {
						CreatedOnToolsVersion = 14.2;
					};
				};
			};
			buildConfigurationList = 60D8268E29BA87B400FA67D0 /* Build configuration list for PBXProject "Swift-AGDS" */;
			compatibilityVersion = "Xcode 14.0";
			developmentRegion = en;
			hasScannedForEncodings = 0;
			knownRegions = (
				en,
				Base,
			);
			mainGroup = 60D8268A29BA87B400FA67D0;
			productRefGroup = 60D8269429BA87B400FA67D0 /* Products */;
			projectDirPath = "";
			projectRoot = "";
			targets = (
				60D8269229BA87B400FA67D0 /* Swift-AGDS */,
			);
		};
/* End PBXProject section */

/* Begin PBXSourcesBuildPhase section */
		60D8268F29BA87B400FA67D0 /* Sources */ = {
			isa = PBXSourcesBuildPhase;
			buildActionMask = 2147483647;
			files = (
				6025C8E529BE3C8E00F393ED /* String+DPStringTool.swift in Sources */,
				6025C8E729BE483400F393ED /* ExhaustiveSearch.swift in Sources */,
				60F4526229C8F41C004FFBF2 /* Bag.swift in Sources */,
				60F4525F29C8EFE5004FFBF2 /* String.swift in Sources */,
				60F4526629C98199004FFBF2 /* Queue.swift in Sources */,
				60F4526429C9818E004FFBF2 /* Stack.swift in Sources */,
				6025C90129BFBD7A00F393ED /* Backtracking.swift in Sources */,
				6025C8FD29BFBB0100F393ED /* Board.swift in Sources */,
				60D8269F29BA87D700FA67D0 /* Recursion.swift in Sources */,
				60F4525A29C3B427004FFBF2 /* Searching.swift in Sources */,
				60F4525C29C3B432004FFBF2 /* Sorting.swift in Sources */,
				60D8269729BA87B400FA67D0 /* main.swift in Sources */,
				6025C8FF29BFBB0800F393ED /* QueensSolver.swift in Sources */,
			);
			runOnlyForDeploymentPostprocessing = 0;
		};
/* End PBXSourcesBuildPhase section */

/* Begin XCBuildConfiguration section */
		60D8269829BA87B400FA67D0 /* Debug */ = {
			isa = XCBuildConfiguration;
			buildSettings = {
				ALWAYS_SEARCH_USER_PATHS = NO;
				CLANG_ANALYZER_NONNULL = YES;
				CLANG_ANALYZER_NUMBER_OBJECT_CONVERSION = YES_AGGRESSIVE;
				CLANG_CXX_LANGUAGE_STANDARD = "gnu++20";
				CLANG_ENABLE_MODULES = YES;
				CLANG_ENABLE_OBJC_ARC = YES;
				CLANG_ENABLE_OBJC_WEAK = YES;
				CLANG_WARN_BLOCK_CAPTURE_AUTORELEASING = YES;
				CLANG_WARN_BOOL_CONVERSION = YES;
				CLANG_WARN_COMMA = YES;
				CLANG_WARN_CONSTANT_CONVERSION = YES;
				CLANG_WARN_DEPRECATED_OBJC_IMPLEMENTATIONS = YES;
				CLANG_WARN_DIRECT_OBJC_ISA_USAGE = YES_ERROR;
				CLANG_WARN_DOCUMENTATION_COMMENTS = YES;
				CLANG_WARN_EMPTY_BODY = YES;
				CLANG_WARN_ENUM_CONVERSION = YES;
				CLANG_WARN_INFINITE_RECURSION = YES;
				CLANG_WARN_INT_CONVERSION = YES;
				CLANG_WARN_NON_LITERAL_NULL_CONVERSION = YES;
				CLANG_WARN_OBJC_IMPLICIT_RETAIN_SELF = YES;
				CLANG_WARN_OBJC_LITERAL_CONVERSION = YES;
				CLANG_WARN_OBJC_ROOT_CLASS = YES_ERROR;
				CLANG_WARN_QUOTED_INCLUDE_IN_FRAMEWORK_HEADER = YES;
				CLANG_WARN_RANGE_LOOP_ANALYSIS = YES;
				CLANG_WARN_STRICT_PROTOTYPES = YES;
				CLANG_WARN_SUSPICIOUS_MOVE = YES;
				CLANG_WARN_UNGUARDED_AVAILABILITY = YES_AGGRESSIVE;
				CLANG_WARN_UNREACHABLE_CODE = YES;
				CLANG_WARN__DUPLICATE_METHOD_MATCH = YES;
				COPY_PHASE_STRIP = NO;
				DEBUG_INFORMATION_FORMAT = dwarf;
				ENABLE_STRICT_OBJC_MSGSEND = YES;
				ENABLE_TESTABILITY = YES;
				GCC_C_LANGUAGE_STANDARD = gnu11;
				GCC_DYNAMIC_NO_PIC = NO;
				GCC_NO_COMMON_BLOCKS = YES;
				GCC_OPTIMIZATION_LEVEL = 0;
				GCC_PREPROCESSOR_DEFINITIONS = (
					"DEBUG=1",
					"$(inherited)",
				);
				GCC_WARN_64_TO_32_BIT_CONVERSION = YES;
				GCC_WARN_ABOUT_RETURN_TYPE = YES_ERROR;
				GCC_WARN_UNDECLARED_SELECTOR = YES;
				GCC_WARN_UNINITIALIZED_AUTOS = YES_AGGRESSIVE;
				GCC_WARN_UNUSED_FUNCTION = YES;
				GCC_WARN_UNUSED_VARIABLE = YES;
				MACOSX_DEPLOYMENT_TARGET = 13.1;
				MTL_ENABLE_DEBUG_INFO = INCLUDE_SOURCE;
				MTL_FAST_MATH = YES;
				ONLY_ACTIVE_ARCH = YES;
				SDKROOT = macosx;
				SWIFT_ACTIVE_COMPILATION_CONDITIONS = DEBUG;
				SWIFT_OPTIMIZATION_LEVEL = "-Onone";
			};
			name = Debug;
		};
		60D8269929BA87B400FA67D0 /* Release */ = {
			isa = XCBuildConfiguration;
			buildSettings = {
				ALWAYS_SEARCH_USER_PATHS = NO;
				CLANG_ANALYZER_NONNULL = YES;
				CLANG_ANALYZER_NUMBER_OBJECT_CONVERSION = YES_AGGRESSIVE;
				CLANG_CXX_LANGUAGE_STANDARD = "gnu++20";
				CLANG_ENABLE_MODULES = YES;
				CLANG_ENABLE_OBJC_ARC = YES;
				CLANG_ENABLE_OBJC_WEAK = YES;
				CLANG_WARN_BLOCK_CAPTURE_AUTORELEASING = YES;
				CLANG_WARN_BOOL_CONVERSION = YES;
				CLANG_WARN_COMMA = YES;
				CLANG_WARN_CONSTANT_CONVERSION = YES;
				CLANG_WARN_DEPRECATED_OBJC_IMPLEMENTATIONS = YES;
				CLANG_WARN_DIRECT_OBJC_ISA_USAGE = YES_ERROR;
				CLANG_WARN_DOCUMENTATION_COMMENTS = YES;
				CLANG_WARN_EMPTY_BODY = YES;
				CLANG_WARN_ENUM_CONVERSION = YES;
				CLANG_WARN_INFINITE_RECURSION = YES;
				CLANG_WARN_INT_CONVERSION = YES;
				CLANG_WARN_NON_LITERAL_NULL_CONVERSION = YES;
				CLANG_WARN_OBJC_IMPLICIT_RETAIN_SELF = YES;
				CLANG_WARN_OBJC_LITERAL_CONVERSION = YES;
				CLANG_WARN_OBJC_ROOT_CLASS = YES_ERROR;
				CLANG_WARN_QUOTED_INCLUDE_IN_FRAMEWORK_HEADER = YES;
				CLANG_WARN_RANGE_LOOP_ANALYSIS = YES;
				CLANG_WARN_STRICT_PROTOTYPES = YES;
				CLANG_WARN_SUSPICIOUS_MOVE = YES;
				CLANG_WARN_UNGUARDED_AVAILABILITY = YES_AGGRESSIVE;
				CLANG_WARN_UNREACHABLE_CODE = YES;
				CLANG_WARN__DUPLICATE_METHOD_MATCH = YES;
				COPY_PHASE_STRIP = NO;
				DEBUG_INFORMATION_FORMAT = "dwarf-with-dsym";
				ENABLE_NS_ASSERTIONS = NO;
				ENABLE_STRICT_OBJC_MSGSEND = YES;
				GCC_C_LANGUAGE_STANDARD = gnu11;
				GCC_NO_COMMON_BLOCKS = YES;
				GCC_WARN_64_TO_32_BIT_CONVERSION = YES;
				GCC_WARN_ABOUT_RETURN_TYPE = YES_ERROR;
				GCC_WARN_UNDECLARED_SELECTOR = YES;
				GCC_WARN_UNINITIALIZED_AUTOS = YES_AGGRESSIVE;
				GCC_WARN_UNUSED_FUNCTION = YES;
				GCC_WARN_UNUSED_VARIABLE = YES;
				MACOSX_DEPLOYMENT_TARGET = 13.1;
				MTL_ENABLE_DEBUG_INFO = NO;
				MTL_FAST_MATH = YES;
				SDKROOT = macosx;
				SWIFT_COMPILATION_MODE = wholemodule;
				SWIFT_OPTIMIZATION_LEVEL = "-O";
			};
			name = Release;
		};
		60D8269B29BA87B400FA67D0 /* Debug */ = {
			isa = XCBuildConfiguration;
			buildSettings = {
				CODE_SIGN_STYLE = Automatic;
				DEVELOPMENT_TEAM = 4CDTPKY853;
				ENABLE_HARDENED_RUNTIME = YES;
				PRODUCT_NAME = "$(TARGET_NAME)";
				SWIFT_VERSION = 5.0;
			};
			name = Debug;
		};
		60D8269C29BA87B400FA67D0 /* Release */ = {
			isa = XCBuildConfiguration;
			buildSettings = {
				CODE_SIGN_STYLE = Automatic;
				DEVELOPMENT_TEAM = 4CDTPKY853;
				ENABLE_HARDENED_RUNTIME = YES;
				PRODUCT_NAME = "$(TARGET_NAME)";
				SWIFT_VERSION = 5.0;
			};
			name = Release;
		};
/* End XCBuildConfiguration section */

/* Begin XCConfigurationList section */
		60D8268E29BA87B400FA67D0 /* Build configuration list for PBXProject "Swift-AGDS" */ = {
			isa = XCConfigurationList;
			buildConfigurations = (
				60D8269829BA87B400FA67D0 /* Debug */,
				60D8269929BA87B400FA67D0 /* Release */,
			);
			defaultConfigurationIsVisible = 0;
			defaultConfigurationName = Release;
		};
		60D8269A29BA87B400FA67D0 /* Build configuration list for PBXNativeTarget "Swift-AGDS" */ = {
			isa = XCConfigurationList;
			buildConfigurations = (
				60D8269B29BA87B400FA67D0 /* Debug */,
				60D8269C29BA87B400FA67D0 /* Release */,
			);
			defaultConfigurationIsVisible = 0;
			defaultConfigurationName = Release;
		};
/* End XCConfigurationList section */
	};
	rootObject = 60D8268B29BA87B400FA67D0 /* Project object */;
}
