// !$*UTF8*$!
{
	archiveVersion = 1;
	classes = {
	};
	objectVersion = 56;
	objects = {

/* Begin PBXBuildFile section */
		600278E629D53D5600AF6B65 /* WhosMyParent.swift in Sources */ = {isa = PBXBuildFile; fileRef = 600278E529D53D5600AF6B65 /* WhosMyParent.swift */; };
		600278E829D5882A00AF6B65 /* Diameter.swift in Sources */ = {isa = PBXBuildFile; fileRef = 600278E729D5882A00AF6B65 /* Diameter.swift */; };
		6025C8E529BE3C8E00F393ED /* String+DPStringTool.swift in Sources */ = {isa = PBXBuildFile; fileRef = 6025C8E429BE3C8E00F393ED /* String+DPStringTool.swift */; };
		6025C8E729BE483400F393ED /* ExhaustiveSearch.swift in Sources */ = {isa = PBXBuildFile; fileRef = 6025C8E629BE483400F393ED /* ExhaustiveSearch.swift */; };
		6025C8FD29BFBB0100F393ED /* Board.swift in Sources */ = {isa = PBXBuildFile; fileRef = 6025C8FC29BFBB0100F393ED /* Board.swift */; };
		6025C8FF29BFBB0800F393ED /* QueensSolver.swift in Sources */ = {isa = PBXBuildFile; fileRef = 6025C8FE29BFBB0800F393ED /* QueensSolver.swift */; };
		6025C90129BFBD7A00F393ED /* Backtracking.swift in Sources */ = {isa = PBXBuildFile; fileRef = 6025C90029BFBD7A00F393ED /* Backtracking.swift */; };
		60BFB7CF29DC1AA400FC72FB /* LCA.swift in Sources */ = {isa = PBXBuildFile; fileRef = 60BFB7CE29DC1AA400FC72FB /* LCA.swift */; };
		60C8079C29CE2E5F00B19C00 /* CyclicPermutation.swift in Sources */ = {isa = PBXBuildFile; fileRef = 60C8079B29CE2E5F00B19C00 /* CyclicPermutation.swift */; };
		60C8079E29CE31A400B19C00 /* RepeatingSequence.swift in Sources */ = {isa = PBXBuildFile; fileRef = 60C8079D29CE31A400B19C00 /* RepeatingSequence.swift */; };
		60D8269729BA87B400FA67D0 /* main.swift in Sources */ = {isa = PBXBuildFile; fileRef = 60D8269629BA87B400FA67D0 /* main.swift */; };
		60D8269F29BA87D700FA67D0 /* Recursion.swift in Sources */ = {isa = PBXBuildFile; fileRef = 60D8269E29BA87D700FA67D0 /* Recursion.swift */; };
		60F4525A29C3B427004FFBF2 /* Searching.swift in Sources */ = {isa = PBXBuildFile; fileRef = 60F4525929C3B427004FFBF2 /* Searching.swift */; };
		60F4525C29C3B432004FFBF2 /* Sorting.swift in Sources */ = {isa = PBXBuildFile; fileRef = 60F4525B29C3B432004FFBF2 /* Sorting.swift */; };
		60F4525F29C8EFE5004FFBF2 /* String.swift in Sources */ = {isa = PBXBuildFile; fileRef = 60F4525E29C8EFE5004FFBF2 /* String.swift */; };
		60F4526229C8F41C004FFBF2 /* Bag.swift in Sources */ = {isa = PBXBuildFile; fileRef = 60F4526129C8F41C004FFBF2 /* Bag.swift */; };
		60F4526429C9818E004FFBF2 /* Stack.swift in Sources */ = {isa = PBXBuildFile; fileRef = 60F4526329C9818E004FFBF2 /* Stack.swift */; };
		60F4526629C98199004FFBF2 /* Queue.swift in Sources */ = {isa = PBXBuildFile; fileRef = 60F4526529C98199004FFBF2 /* Queue.swift */; };
		60F4526B29CAA096004FFBF2 /* AdjacencyMatrix.swift in Sources */ = {isa = PBXBuildFile; fileRef = 60F4526A29CAA096004FFBF2 /* AdjacencyMatrix.swift */; };
		60F4526D29CAA48E004FFBF2 /* AdjacencyList.swift in Sources */ = {isa = PBXBuildFile; fileRef = 60F4526C29CAA48E004FFBF2 /* AdjacencyList.swift */; };
		60F4526F29CAAF46004FFBF2 /* BFS.swift in Sources */ = {isa = PBXBuildFile; fileRef = 60F4526E29CAAF46004FFBF2 /* BFS.swift */; };
		60F4527129CAAF4D004FFBF2 /* DFS.swift in Sources */ = {isa = PBXBuildFile; fileRef = 60F4527029CAAF4D004FFBF2 /* DFS.swift */; };
		60F4527929CADE11004FFBF2 /* Bipartite.swift in Sources */ = {isa = PBXBuildFile; fileRef = 60F4527829CADE11004FFBF2 /* Bipartite.swift */; };
		60F4527B29CADE27004FFBF2 /* ConnectedComponents.swift in Sources */ = {isa = PBXBuildFile; fileRef = 60F4527A29CADE27004FFBF2 /* ConnectedComponents.swift */; };
/* End PBXBuildFile section */

/* Begin PBXCopyFilesBuildPhase section */
		60D8269129BA87B400FA67D0 /* CopyFiles */ = {
			isa = PBXCopyFilesBuildPhase;
			buildActionMask = 2147483647;
			dstPath = /usr/share/man/man1/;
			dstSubfolderSpec = 0;
			files = (
			);
			runOnlyForDeploymentPostprocessing = 1;
		};
/* End PBXCopyFilesBuildPhase section */

/* Begin PBXFileReference section */
		600278E529D53D5600AF6B65 /* WhosMyParent.swift */ = {isa = PBXFileReference; lastKnownFileType = sourcecode.swift; path = WhosMyParent.swift; sourceTree = "<group>"; };
		600278E729D5882A00AF6B65 /* Diameter.swift */ = {isa = PBXFileReference; lastKnownFileType = sourcecode.swift; path = Diameter.swift; sourceTree = "<group>"; };
		6025C8E429BE3C8E00F393ED /* String+DPStringTool.swift */ = {isa = PBXFileReference; lastKnownFileType = sourcecode.swift; path = "String+DPStringTool.swift"; sourceTree = "<group>"; };
		6025C8E629BE483400F393ED /* ExhaustiveSearch.swift */ = {isa = PBXFileReference; lastKnownFileType = sourcecode.swift; path = ExhaustiveSearch.swift; sourceTree = "<group>"; };
		6025C8FC29BFBB0100F393ED /* Board.swift */ = {isa = PBXFileReference; fileEncoding = 4; lastKnownFileType = sourcecode.swift; path = Board.swift; sourceTree = "<group>"; };
		6025C8FE29BFBB0800F393ED /* QueensSolver.swift */ = {isa = PBXFileReference; fileEncoding = 4; lastKnownFileType = sourcecode.swift; path = QueensSolver.swift; sourceTree = "<group>"; };
		6025C90029BFBD7A00F393ED /* Backtracking.swift */ = {isa = PBXFileReference; lastKnownFileType = sourcecode.swift; path = Backtracking.swift; sourceTree = "<group>"; };
		60BFB7A629D7E1E300FC72FB /* big10000.in */ = {isa = PBXFileReference; fileEncoding = 4; lastKnownFileType = text; path = big10000.in; sourceTree = "<group>"; };
		60BFB7A729D7E1E300FC72FB /* huge5.out */ = {isa = PBXFileReference; fileEncoding = 4; lastKnownFileType = text; path = huge5.out; sourceTree = "<group>"; };
		60BFB7A829D7E1E300FC72FB /* huge6.out */ = {isa = PBXFileReference; fileEncoding = 4; lastKnownFileType = text; path = huge6.out; sourceTree = "<group>"; };
		60BFB7A929D7E1E300FC72FB /* huge6.in */ = {isa = PBXFileReference; fileEncoding = 4; lastKnownFileType = text; path = huge6.in; sourceTree = "<group>"; };
		60BFB7AA29D7E1E300FC72FB /* big100.out */ = {isa = PBXFileReference; fileEncoding = 4; lastKnownFileType = text; path = big100.out; sourceTree = "<group>"; };
		60BFB7AB29D7E1E300FC72FB /* huge4.out */ = {isa = PBXFileReference; fileEncoding = 4; lastKnownFileType = text; path = huge4.out; sourceTree = "<group>"; };
		60BFB7AC29D7E1E300FC72FB /* big100.in */ = {isa = PBXFileReference; fileEncoding = 4; lastKnownFileType = text; path = big100.in; sourceTree = "<group>"; };
		60BFB7AD29D7E1E300FC72FB /* huge7.in */ = {isa = PBXFileReference; fileEncoding = 4; lastKnownFileType = text; path = huge7.in; sourceTree = "<group>"; };
		60BFB7AE29D7E1E300FC72FB /* sample4.out */ = {isa = PBXFileReference; fileEncoding = 4; lastKnownFileType = text; path = sample4.out; sourceTree = "<group>"; };
		60BFB7AF29D7E1E300FC72FB /* huge4.in */ = {isa = PBXFileReference; fileEncoding = 4; lastKnownFileType = text; path = huge4.in; sourceTree = "<group>"; };
		60BFB7B029D7E1E300FC72FB /* sample4.in */ = {isa = PBXFileReference; fileEncoding = 4; lastKnownFileType = text; path = sample4.in; sourceTree = "<group>"; };
		60BFB7B129D7E1E300FC72FB /* huge8.out */ = {isa = PBXFileReference; fileEncoding = 4; lastKnownFileType = text; path = huge8.out; sourceTree = "<group>"; };
		60BFB7B229D7E1E300FC72FB /* sample3.out */ = {isa = PBXFileReference; fileEncoding = 4; lastKnownFileType = text; path = sample3.out; sourceTree = "<group>"; };
		60BFB7B329D7E1E300FC72FB /* big500.out */ = {isa = PBXFileReference; fileEncoding = 4; lastKnownFileType = text; path = big500.out; sourceTree = "<group>"; };
		60BFB7B429D7E1E300FC72FB /* big50000.out */ = {isa = PBXFileReference; fileEncoding = 4; lastKnownFileType = text; path = big50000.out; sourceTree = "<group>"; };
		60BFB7B529D7E1E300FC72FB /* huge1.in */ = {isa = PBXFileReference; fileEncoding = 4; lastKnownFileType = text; path = huge1.in; sourceTree = "<group>"; };
		60BFB7B629D7E1E300FC72FB /* huge3.in */ = {isa = PBXFileReference; fileEncoding = 4; lastKnownFileType = text; path = huge3.in; sourceTree = "<group>"; };
		60BFB7B729D7E1E300FC72FB /* huge5.in */ = {isa = PBXFileReference; fileEncoding = 4; lastKnownFileType = text; path = huge5.in; sourceTree = "<group>"; };
		60BFB7B829D7E1E300FC72FB /* huge1.out */ = {isa = PBXFileReference; fileEncoding = 4; lastKnownFileType = text; path = huge1.out; sourceTree = "<group>"; };
		60BFB7B929D7E1E300FC72FB /* big5000.in */ = {isa = PBXFileReference; fileEncoding = 4; lastKnownFileType = text; path = big5000.in; sourceTree = "<group>"; };
		60BFB7BA29D7E1E300FC72FB /* huge9.out */ = {isa = PBXFileReference; fileEncoding = 4; lastKnownFileType = text; path = huge9.out; sourceTree = "<group>"; };
		60BFB7BB29D7E1E400FC72FB /* huge10.out */ = {isa = PBXFileReference; fileEncoding = 4; lastKnownFileType = text; path = huge10.out; sourceTree = "<group>"; };
		60BFB7BC29D7E1E400FC72FB /* huge10.in */ = {isa = PBXFileReference; fileEncoding = 4; lastKnownFileType = text; path = huge10.in; sourceTree = "<group>"; };
		60BFB7BD29D7E1E400FC72FB /* huge9.in */ = {isa = PBXFileReference; fileEncoding = 4; lastKnownFileType = text; path = huge9.in; sourceTree = "<group>"; };
		60BFB7BE29D7E1E400FC72FB /* sample3.in */ = {isa = PBXFileReference; fileEncoding = 4; lastKnownFileType = text; path = sample3.in; sourceTree = "<group>"; };
		60BFB7BF29D7E1E400FC72FB /* big10000.out */ = {isa = PBXFileReference; fileEncoding = 4; lastKnownFileType = text; path = big10000.out; sourceTree = "<group>"; };
		60BFB7C029D7E1E400FC72FB /* huge2.out */ = {isa = PBXFileReference; fileEncoding = 4; lastKnownFileType = text; path = huge2.out; sourceTree = "<group>"; };
		60BFB7C129D7E1E400FC72FB /* big500.in */ = {isa = PBXFileReference; fileEncoding = 4; lastKnownFileType = text; path = big500.in; sourceTree = "<group>"; };
		60BFB7C229D7E1E400FC72FB /* big1000.out */ = {isa = PBXFileReference; fileEncoding = 4; lastKnownFileType = text; path = big1000.out; sourceTree = "<group>"; };
		60BFB7C329D7E1E400FC72FB /* huge3.out */ = {isa = PBXFileReference; fileEncoding = 4; lastKnownFileType = text; path = huge3.out; sourceTree = "<group>"; };
		60BFB7C429D7E1E400FC72FB /* huge7.out */ = {isa = PBXFileReference; fileEncoding = 4; lastKnownFileType = text; path = huge7.out; sourceTree = "<group>"; };
		60BFB7C529D7E1E400FC72FB /* big5000.out */ = {isa = PBXFileReference; fileEncoding = 4; lastKnownFileType = text; path = big5000.out; sourceTree = "<group>"; };
		60BFB7C629D7E1E400FC72FB /* big50000.in */ = {isa = PBXFileReference; fileEncoding = 4; lastKnownFileType = text; path = big50000.in; sourceTree = "<group>"; };
		60BFB7C729D7E1E400FC72FB /* big1000.in */ = {isa = PBXFileReference; fileEncoding = 4; lastKnownFileType = text; path = big1000.in; sourceTree = "<group>"; };
		60BFB7C829D7E1E400FC72FB /* huge2.in */ = {isa = PBXFileReference; fileEncoding = 4; lastKnownFileType = text; path = huge2.in; sourceTree = "<group>"; };
		60BFB7C929D7E1E400FC72FB /* huge8.in */ = {isa = PBXFileReference; fileEncoding = 4; lastKnownFileType = text; path = huge8.in; sourceTree = "<group>"; };
		60BFB7CE29DC1AA400FC72FB /* LCA.swift */ = {isa = PBXFileReference; lastKnownFileType = sourcecode.swift; path = LCA.swift; sourceTree = "<group>"; };
		60BFB7D229DCB7A400FC72FB /* lca50000.out */ = {isa = PBXFileReference; fileEncoding = 4; lastKnownFileType = text; path = lca50000.out; sourceTree = "<group>"; };
		60BFB7D329DCB7A400FC72FB /* lca1000.in */ = {isa = PBXFileReference; fileEncoding = 4; lastKnownFileType = text; path = lca1000.in; sourceTree = "<group>"; };
		60BFB7D429DCB7A400FC72FB /* lca25000.in */ = {isa = PBXFileReference; fileEncoding = 4; lastKnownFileType = text; path = lca25000.in; sourceTree = "<group>"; };
		60BFB7D529DCB7A400FC72FB /* lca100.out */ = {isa = PBXFileReference; fileEncoding = 4; lastKnownFileType = text; path = lca100.out; sourceTree = "<group>"; };
		60BFB7D629DCB7A400FC72FB /* lca100.in */ = {isa = PBXFileReference; fileEncoding = 4; lastKnownFileType = text; path = lca100.in; sourceTree = "<group>"; };
		60BFB7D729DCB7A400FC72FB /* lca300.in */ = {isa = PBXFileReference; fileEncoding = 4; lastKnownFileType = text; path = lca300.in; sourceTree = "<group>"; };
		60BFB7D829DCB7A400FC72FB /* lca2500.in */ = {isa = PBXFileReference; fileEncoding = 4; lastKnownFileType = text; path = lca2500.in; sourceTree = "<group>"; };
		60BFB7D929DCB7A400FC72FB /* lca10000.out */ = {isa = PBXFileReference; fileEncoding = 4; lastKnownFileType = text; path = lca10000.out; sourceTree = "<group>"; };
		60BFB7DA29DCB7A400FC72FB /* lca200.in */ = {isa = PBXFileReference; fileEncoding = 4; lastKnownFileType = text; path = lca200.in; sourceTree = "<group>"; };
		60BFB7DB29DCB7A400FC72FB /* lca25000.out */ = {isa = PBXFileReference; fileEncoding = 4; lastKnownFileType = text; path = lca25000.out; sourceTree = "<group>"; };
		60BFB7DC29DCB7A400FC72FB /* lca400.in */ = {isa = PBXFileReference; fileEncoding = 4; lastKnownFileType = text; path = lca400.in; sourceTree = "<group>"; };
		60BFB7DD29DCB7A400FC72FB /* lca500.out */ = {isa = PBXFileReference; fileEncoding = 4; lastKnownFileType = text; path = lca500.out; sourceTree = "<group>"; };
		60BFB7DE29DCB7A500FC72FB /* lca2500.out */ = {isa = PBXFileReference; fileEncoding = 4; lastKnownFileType = text; path = lca2500.out; sourceTree = "<group>"; };
		60BFB7DF29DCB7A500FC72FB /* lca500.in */ = {isa = PBXFileReference; fileEncoding = 4; lastKnownFileType = text; path = lca500.in; sourceTree = "<group>"; };
		60BFB7E029DCB7A500FC72FB /* lca10000.in */ = {isa = PBXFileReference; fileEncoding = 4; lastKnownFileType = text; path = lca10000.in; sourceTree = "<group>"; };
		60BFB7E129DCB7A500FC72FB /* lca200.out */ = {isa = PBXFileReference; fileEncoding = 4; lastKnownFileType = text; path = lca200.out; sourceTree = "<group>"; };
		60BFB7E229DCB7A500FC72FB /* lca50000.in */ = {isa = PBXFileReference; fileEncoding = 4; lastKnownFileType = text; path = lca50000.in; sourceTree = "<group>"; };
		60BFB7E329DCB7A500FC72FB /* lca400.out */ = {isa = PBXFileReference; fileEncoding = 4; lastKnownFileType = text; path = lca400.out; sourceTree = "<group>"; };
		60BFB7E429DCB7A500FC72FB /* lca1000.out */ = {isa = PBXFileReference; fileEncoding = 4; lastKnownFileType = text; path = lca1000.out; sourceTree = "<group>"; };
		60BFB7E529DCB7A500FC72FB /* lca300.out */ = {isa = PBXFileReference; fileEncoding = 4; lastKnownFileType = text; path = lca300.out; sourceTree = "<group>"; };
		60BFB7E729DD0A4100FC72FB /* sushi.19.in */ = {isa = PBXFileReference; fileEncoding = 4; lastKnownFileType = text; path = sushi.19.in; sourceTree = "<group>"; };
		60BFB7E829DD0A4100FC72FB /* sushi.14.in */ = {isa = PBXFileReference; fileEncoding = 4; lastKnownFileType = text; path = sushi.14.in; sourceTree = "<group>"; };
		60BFB7E929DD0A4100FC72FB /* sushi.11.out */ = {isa = PBXFileReference; fileEncoding = 4; lastKnownFileType = text; path = sushi.11.out; sourceTree = "<group>"; };
		60BFB7EA29DD0A4100FC72FB /* sushi.16.out */ = {isa = PBXFileReference; fileEncoding = 4; lastKnownFileType = text; path = sushi.16.out; sourceTree = "<group>"; };
		60BFB7EB29DD0A4100FC72FB /* sushi.12.out */ = {isa = PBXFileReference; fileEncoding = 4; lastKnownFileType = text; path = sushi.12.out; sourceTree = "<group>"; };
		60BFB7EC29DD0A4100FC72FB /* sushi.25.out */ = {isa = PBXFileReference; fileEncoding = 4; lastKnownFileType = text; path = sushi.25.out; sourceTree = "<group>"; };
		60BFB7ED29DD0A4100FC72FB /* sushi.4.in */ = {isa = PBXFileReference; fileEncoding = 4; lastKnownFileType = text; path = sushi.4.in; sourceTree = "<group>"; };
		60BFB7EE29DD0A4100FC72FB /* sushi.1.out */ = {isa = PBXFileReference; fileEncoding = 4; lastKnownFileType = text; path = sushi.1.out; sourceTree = "<group>"; };
		60BFB7EF29DD0A4100FC72FB /* sushi.10.in */ = {isa = PBXFileReference; fileEncoding = 4; lastKnownFileType = text; path = sushi.10.in; sourceTree = "<group>"; };
		60BFB7F029DD0A4100FC72FB /* sushi.21.out */ = {isa = PBXFileReference; fileEncoding = 4; lastKnownFileType = text; path = sushi.21.out; sourceTree = "<group>"; };
		60BFB7F129DD0A4100FC72FB /* sushi.17.out */ = {isa = PBXFileReference; fileEncoding = 4; lastKnownFileType = text; path = sushi.17.out; sourceTree = "<group>"; };
		60BFB7F229DD0A4100FC72FB /* sushi.22.out */ = {isa = PBXFileReference; fileEncoding = 4; lastKnownFileType = text; path = sushi.22.out; sourceTree = "<group>"; };
		60BFB7F329DD0A4100FC72FB /* sushi.24.in */ = {isa = PBXFileReference; fileEncoding = 4; lastKnownFileType = text; path = sushi.24.in; sourceTree = "<group>"; };
		60BFB7F429DD0A4100FC72FB /* sushi.5.out */ = {isa = PBXFileReference; fileEncoding = 4; lastKnownFileType = text; path = sushi.5.out; sourceTree = "<group>"; };
		60BFB7F529DD0A4100FC72FB /* sushisamp.1.in */ = {isa = PBXFileReference; fileEncoding = 4; lastKnownFileType = text; path = sushisamp.1.in; sourceTree = "<group>"; };
		60BFB7F629DD0A4200FC72FB /* sushi.13.out */ = {isa = PBXFileReference; fileEncoding = 4; lastKnownFileType = text; path = sushi.13.out; sourceTree = "<group>"; };
		60BFB7F729DD0A4200FC72FB /* sushi.18.out */ = {isa = PBXFileReference; fileEncoding = 4; lastKnownFileType = text; path = sushi.18.out; sourceTree = "<group>"; };
		60BFB7F829DD0A4200FC72FB /* sushi.8.in */ = {isa = PBXFileReference; fileEncoding = 4; lastKnownFileType = text; path = sushi.8.in; sourceTree = "<group>"; };
		60BFB7F929DD0A4200FC72FB /* sushi.1.in */ = {isa = PBXFileReference; fileEncoding = 4; lastKnownFileType = text; path = sushi.1.in; sourceTree = "<group>"; };
		60BFB7FA29DD0A4200FC72FB /* sushi.23.out */ = {isa = PBXFileReference; fileEncoding = 4; lastKnownFileType = text; path = sushi.23.out; sourceTree = "<group>"; };
		60BFB7FB29DD0A4200FC72FB /* sushisamp.2.out */ = {isa = PBXFileReference; fileEncoding = 4; lastKnownFileType = text; path = sushisamp.2.out; sourceTree = "<group>"; };
		60BFB7FC29DD0A4200FC72FB /* sushi.15.in */ = {isa = PBXFileReference; fileEncoding = 4; lastKnownFileType = text; path = sushi.15.in; sourceTree = "<group>"; };
		60BFB7FD29DD0A4200FC72FB /* sushi.11.in */ = {isa = PBXFileReference; fileEncoding = 4; lastKnownFileType = text; path = sushi.11.in; sourceTree = "<group>"; };
		60BFB7FE29DD0A4200FC72FB /* sushisamp.2.in */ = {isa = PBXFileReference; fileEncoding = 4; lastKnownFileType = text; path = sushisamp.2.in; sourceTree = "<group>"; };
		60BFB7FF29DD0A4200FC72FB /* sushi.16.in */ = {isa = PBXFileReference; fileEncoding = 4; lastKnownFileType = text; path = sushi.16.in; sourceTree = "<group>"; };
		60BFB80029DD0A4200FC72FB /* sushi.8.out */ = {isa = PBXFileReference; fileEncoding = 4; lastKnownFileType = text; path = sushi.8.out; sourceTree = "<group>"; };
		60BFB80129DD0A4200FC72FB /* sushi.17.in */ = {isa = PBXFileReference; fileEncoding = 4; lastKnownFileType = text; path = sushi.17.in; sourceTree = "<group>"; };
		60BFB80229DD0A4200FC72FB /* sushi.25.in */ = {isa = PBXFileReference; fileEncoding = 4; lastKnownFileType = text; path = sushi.25.in; sourceTree = "<group>"; };
		60BFB80329DD0A4200FC72FB /* sushi.20.in */ = {isa = PBXFileReference; fileEncoding = 4; lastKnownFileType = text; path = sushi.20.in; sourceTree = "<group>"; };
		60BFB80429DD0A4200FC72FB /* sushi.22.in */ = {isa = PBXFileReference; fileEncoding = 4; lastKnownFileType = text; path = sushi.22.in; sourceTree = "<group>"; };
		60BFB80529DD0A4200FC72FB /* sushi.3.in */ = {isa = PBXFileReference; fileEncoding = 4; lastKnownFileType = text; path = sushi.3.in; sourceTree = "<group>"; };
		60BFB80629DD0A4200FC72FB /* sushi.9.out */ = {isa = PBXFileReference; fileEncoding = 4; lastKnownFileType = text; path = sushi.9.out; sourceTree = "<group>"; };
		60BFB80729DD0A4200FC72FB /* sushisamp.1.out */ = {isa = PBXFileReference; fileEncoding = 4; lastKnownFileType = text; path = sushisamp.1.out; sourceTree = "<group>"; };
		60BFB80829DD0A4200FC72FB /* sushi.6.in */ = {isa = PBXFileReference; fileEncoding = 4; lastKnownFileType = text; path = sushi.6.in; sourceTree = "<group>"; };
		60BFB80929DD0A4200FC72FB /* sushi.23.in */ = {isa = PBXFileReference; fileEncoding = 4; lastKnownFileType = text; path = sushi.23.in; sourceTree = "<group>"; };
		60BFB80A29DD0A4200FC72FB /* sushi.14.out */ = {isa = PBXFileReference; fileEncoding = 4; lastKnownFileType = text; path = sushi.14.out; sourceTree = "<group>"; };
		60BFB80B29DD0A4200FC72FB /* sushi.19.out */ = {isa = PBXFileReference; fileEncoding = 4; lastKnownFileType = text; path = sushi.19.out; sourceTree = "<group>"; };
		60BFB80C29DD0A4200FC72FB /* sushi.4.out */ = {isa = PBXFileReference; fileEncoding = 4; lastKnownFileType = text; path = sushi.4.out; sourceTree = "<group>"; };
		60BFB80D29DD0A4200FC72FB /* sushi.5.in */ = {isa = PBXFileReference; fileEncoding = 4; lastKnownFileType = text; path = sushi.5.in; sourceTree = "<group>"; };
		60BFB80E29DD0A4200FC72FB /* sushi.3.out */ = {isa = PBXFileReference; fileEncoding = 4; lastKnownFileType = text; path = sushi.3.out; sourceTree = "<group>"; };
		60BFB80F29DD0A4200FC72FB /* sushi.24.out */ = {isa = PBXFileReference; fileEncoding = 4; lastKnownFileType = text; path = sushi.24.out; sourceTree = "<group>"; };
		60BFB81029DD0A4200FC72FB /* sushi.12.in */ = {isa = PBXFileReference; fileEncoding = 4; lastKnownFileType = text; path = sushi.12.in; sourceTree = "<group>"; };
		60BFB81129DD0A4200FC72FB /* sushi.6.out */ = {isa = PBXFileReference; fileEncoding = 4; lastKnownFileType = text; path = sushi.6.out; sourceTree = "<group>"; };
		60BFB81229DD0A4200FC72FB /* sushi.7.out */ = {isa = PBXFileReference; fileEncoding = 4; lastKnownFileType = text; path = sushi.7.out; sourceTree = "<group>"; };
		60BFB81329DD0A4200FC72FB /* sushi.21.in */ = {isa = PBXFileReference; fileEncoding = 4; lastKnownFileType = text; path = sushi.21.in; sourceTree = "<group>"; };
		60BFB81429DD0A4200FC72FB /* sushi.9.in */ = {isa = PBXFileReference; fileEncoding = 4; lastKnownFileType = text; path = sushi.9.in; sourceTree = "<group>"; };
		60BFB81529DD0A4200FC72FB /* sushi.13.in */ = {isa = PBXFileReference; fileEncoding = 4; lastKnownFileType = text; path = sushi.13.in; sourceTree = "<group>"; };
		60BFB81629DD0A4200FC72FB /* sushi.10.out */ = {isa = PBXFileReference; fileEncoding = 4; lastKnownFileType = text; path = sushi.10.out; sourceTree = "<group>"; };
		60BFB81729DD0A4300FC72FB /* sushi.20.out */ = {isa = PBXFileReference; fileEncoding = 4; lastKnownFileType = text; path = sushi.20.out; sourceTree = "<group>"; };
		60BFB81829DD0A4300FC72FB /* sushi.2.in */ = {isa = PBXFileReference; fileEncoding = 4; lastKnownFileType = text; path = sushi.2.in; sourceTree = "<group>"; };
		60BFB81929DD0A4300FC72FB /* sushi.7.in */ = {isa = PBXFileReference; fileEncoding = 4; lastKnownFileType = text; path = sushi.7.in; sourceTree = "<group>"; };
		60BFB81A29DD0A4300FC72FB /* sushi.18.in */ = {isa = PBXFileReference; fileEncoding = 4; lastKnownFileType = text; path = sushi.18.in; sourceTree = "<group>"; };
		60BFB81B29DD0A4300FC72FB /* sushi.2.out */ = {isa = PBXFileReference; fileEncoding = 4; lastKnownFileType = text; path = sushi.2.out; sourceTree = "<group>"; };
		60BFB81C29DD0A4300FC72FB /* sushi.15.out */ = {isa = PBXFileReference; fileEncoding = 4; lastKnownFileType = text; path = sushi.15.out; sourceTree = "<group>"; };
		60C8079B29CE2E5F00B19C00 /* CyclicPermutation.swift */ = {isa = PBXFileReference; lastKnownFileType = sourcecode.swift; path = CyclicPermutation.swift; sourceTree = "<group>"; };
		60C8079D29CE31A400B19C00 /* RepeatingSequence.swift */ = {isa = PBXFileReference; lastKnownFileType = sourcecode.swift; path = RepeatingSequence.swift; sourceTree = "<group>"; };
		60D8269329BA87B400FA67D0 /* Swift-AGDS */ = {isa = PBXFileReference; explicitFileType = "compiled.mach-o.executable"; includeInIndex = 0; path = "Swift-AGDS"; sourceTree = BUILT_PRODUCTS_DIR; };
		60D8269629BA87B400FA67D0 /* main.swift */ = {isa = PBXFileReference; lastKnownFileType = sourcecode.swift; path = main.swift; sourceTree = "<group>"; };
		60D8269E29BA87D700FA67D0 /* Recursion.swift */ = {isa = PBXFileReference; lastKnownFileType = sourcecode.swift; path = Recursion.swift; sourceTree = "<group>"; };
		60D826A029BA91F000FA67D0 /* story.txt */ = {isa = PBXFileReference; fileEncoding = 4; lastKnownFileType = text; path = story.txt; sourceTree = "<group>"; };
		60F4525929C3B427004FFBF2 /* Searching.swift */ = {isa = PBXFileReference; lastKnownFileType = sourcecode.swift; path = Searching.swift; sourceTree = "<group>"; };
		60F4525B29C3B432004FFBF2 /* Sorting.swift */ = {isa = PBXFileReference; lastKnownFileType = sourcecode.swift; path = Sorting.swift; sourceTree = "<group>"; };
		60F4525E29C8EFE5004FFBF2 /* String.swift */ = {isa = PBXFileReference; lastKnownFileType = sourcecode.swift; path = String.swift; sourceTree = "<group>"; };
		60F4526129C8F41C004FFBF2 /* Bag.swift */ = {isa = PBXFileReference; lastKnownFileType = sourcecode.swift; path = Bag.swift; sourceTree = "<group>"; };
		60F4526329C9818E004FFBF2 /* Stack.swift */ = {isa = PBXFileReference; lastKnownFileType = sourcecode.swift; path = Stack.swift; sourceTree = "<group>"; };
		60F4526529C98199004FFBF2 /* Queue.swift */ = {isa = PBXFileReference; lastKnownFileType = sourcecode.swift; path = Queue.swift; sourceTree = "<group>"; };
		60F4526A29CAA096004FFBF2 /* AdjacencyMatrix.swift */ = {isa = PBXFileReference; lastKnownFileType = sourcecode.swift; path = AdjacencyMatrix.swift; sourceTree = "<group>"; };
		60F4526C29CAA48E004FFBF2 /* AdjacencyList.swift */ = {isa = PBXFileReference; lastKnownFileType = sourcecode.swift; path = AdjacencyList.swift; sourceTree = "<group>"; };
		60F4526E29CAAF46004FFBF2 /* BFS.swift */ = {isa = PBXFileReference; lastKnownFileType = sourcecode.swift; path = BFS.swift; sourceTree = "<group>"; };
		60F4527029CAAF4D004FFBF2 /* DFS.swift */ = {isa = PBXFileReference; lastKnownFileType = sourcecode.swift; path = DFS.swift; sourceTree = "<group>"; };
		60F4527829CADE11004FFBF2 /* Bipartite.swift */ = {isa = PBXFileReference; lastKnownFileType = sourcecode.swift; path = Bipartite.swift; sourceTree = "<group>"; };
		60F4527A29CADE27004FFBF2 /* ConnectedComponents.swift */ = {isa = PBXFileReference; lastKnownFileType = sourcecode.swift; path = ConnectedComponents.swift; sourceTree = "<group>"; };
/* End PBXFileReference section */

/* Begin PBXFrameworksBuildPhase section */
		60D8269029BA87B400FA67D0 /* Frameworks */ = {
			isa = PBXFrameworksBuildPhase;
			buildActionMask = 2147483647;
			files = (
			);
			runOnlyForDeploymentPostprocessing = 0;
		};
/* End PBXFrameworksBuildPhase section */

/* Begin PBXGroup section */
		600278E129D40C2700AF6B65 /* Tree */ = {
			isa = PBXGroup;
			children = (
				600278E429D53D1D00AF6B65 /* Examples */,
			);
			path = Tree;
			sourceTree = "<group>";
		};
		600278E429D53D1D00AF6B65 /* Examples */ = {
			isa = PBXGroup;
			children = (
				60BFB7A529D7E1C100FC72FB /* Testing */,
				600278E529D53D5600AF6B65 /* WhosMyParent.swift */,
				600278E729D5882A00AF6B65 /* Diameter.swift */,
				60BFB7CE29DC1AA400FC72FB /* LCA.swift */,
			);
			path = Examples;
			sourceTree = "<group>";
		};
		6025C8E329BE3C7100F393ED /* Utils */ = {
			isa = PBXGroup;
			children = (
				6025C8E429BE3C8E00F393ED /* String+DPStringTool.swift */,
			);
			path = Utils;
			sourceTree = "<group>";
		};
		6025C8FB29BFBAD500F393ED /* N-Queens */ = {
			isa = PBXGroup;
			children = (
				6025C8FC29BFBB0100F393ED /* Board.swift */,
				6025C8FE29BFBB0800F393ED /* QueensSolver.swift */,
			);
			path = "N-Queens";
			sourceTree = "<group>";
		};
		60BFB7A529D7E1C100FC72FB /* Testing */ = {
			isa = PBXGroup;
			children = (
				60BFB7E629DD0A2000FC72FB /* Sushi */,
				60BFB7D129DCB75C00FC72FB /* LCA */,
				60BFB7D029DCB74000FC72FB /* WhosMyParent */,
			);
			path = Testing;
			sourceTree = "<group>";
		};
		60BFB7D029DCB74000FC72FB /* WhosMyParent */ = {
			isa = PBXGroup;
			children = (
				60BFB7AC29D7E1E300FC72FB /* big100.in */,
				60BFB7AA29D7E1E300FC72FB /* big100.out */,
				60BFB7C129D7E1E400FC72FB /* big500.in */,
				60BFB7B329D7E1E300FC72FB /* big500.out */,
				60BFB7C729D7E1E400FC72FB /* big1000.in */,
				60BFB7C229D7E1E400FC72FB /* big1000.out */,
				60BFB7B929D7E1E300FC72FB /* big5000.in */,
				60BFB7C529D7E1E400FC72FB /* big5000.out */,
				60BFB7A629D7E1E300FC72FB /* big10000.in */,
				60BFB7BF29D7E1E400FC72FB /* big10000.out */,
				60BFB7C629D7E1E400FC72FB /* big50000.in */,
				60BFB7B429D7E1E300FC72FB /* big50000.out */,
				60BFB7B529D7E1E300FC72FB /* huge1.in */,
				60BFB7B829D7E1E300FC72FB /* huge1.out */,
				60BFB7C829D7E1E400FC72FB /* huge2.in */,
				60BFB7C029D7E1E400FC72FB /* huge2.out */,
				60BFB7B629D7E1E300FC72FB /* huge3.in */,
				60BFB7C329D7E1E400FC72FB /* huge3.out */,
				60BFB7AF29D7E1E300FC72FB /* huge4.in */,
				60BFB7AB29D7E1E300FC72FB /* huge4.out */,
				60BFB7B729D7E1E300FC72FB /* huge5.in */,
				60BFB7A729D7E1E300FC72FB /* huge5.out */,
				60BFB7A929D7E1E300FC72FB /* huge6.in */,
				60BFB7A829D7E1E300FC72FB /* huge6.out */,
				60BFB7AD29D7E1E300FC72FB /* huge7.in */,
				60BFB7C429D7E1E400FC72FB /* huge7.out */,
				60BFB7C929D7E1E400FC72FB /* huge8.in */,
				60BFB7B129D7E1E300FC72FB /* huge8.out */,
				60BFB7BD29D7E1E400FC72FB /* huge9.in */,
				60BFB7BA29D7E1E300FC72FB /* huge9.out */,
				60BFB7BC29D7E1E400FC72FB /* huge10.in */,
				60BFB7BB29D7E1E400FC72FB /* huge10.out */,
				60BFB7BE29D7E1E400FC72FB /* sample3.in */,
				60BFB7B229D7E1E300FC72FB /* sample3.out */,
				60BFB7B029D7E1E300FC72FB /* sample4.in */,
				60BFB7AE29D7E1E300FC72FB /* sample4.out */,
			);
			path = WhosMyParent;
			sourceTree = "<group>";
		};
		60BFB7D129DCB75C00FC72FB /* LCA */ = {
			isa = PBXGroup;
			children = (
				60BFB7D629DCB7A400FC72FB /* lca100.in */,
				60BFB7D529DCB7A400FC72FB /* lca100.out */,
				60BFB7DA29DCB7A400FC72FB /* lca200.in */,
				60BFB7E129DCB7A500FC72FB /* lca200.out */,
				60BFB7D729DCB7A400FC72FB /* lca300.in */,
				60BFB7E529DCB7A500FC72FB /* lca300.out */,
				60BFB7DC29DCB7A400FC72FB /* lca400.in */,
				60BFB7E329DCB7A500FC72FB /* lca400.out */,
				60BFB7DF29DCB7A500FC72FB /* lca500.in */,
				60BFB7DD29DCB7A400FC72FB /* lca500.out */,
				60BFB7D329DCB7A400FC72FB /* lca1000.in */,
				60BFB7E429DCB7A500FC72FB /* lca1000.out */,
				60BFB7D829DCB7A400FC72FB /* lca2500.in */,
				60BFB7DE29DCB7A500FC72FB /* lca2500.out */,
				60BFB7E029DCB7A500FC72FB /* lca10000.in */,
				60BFB7D929DCB7A400FC72FB /* lca10000.out */,
				60BFB7D429DCB7A400FC72FB /* lca25000.in */,
				60BFB7DB29DCB7A400FC72FB /* lca25000.out */,
				60BFB7E229DCB7A500FC72FB /* lca50000.in */,
				60BFB7D229DCB7A400FC72FB /* lca50000.out */,
			);
			path = LCA;
			sourceTree = "<group>";
		};
		60BFB7E629DD0A2000FC72FB /* Sushi */ = {
			isa = PBXGroup;
			children = (
				60BFB7F929DD0A4200FC72FB /* sushi.1.in */,
				60BFB7EE29DD0A4100FC72FB /* sushi.1.out */,
				60BFB81829DD0A4300FC72FB /* sushi.2.in */,
				60BFB81B29DD0A4300FC72FB /* sushi.2.out */,
				60BFB80529DD0A4200FC72FB /* sushi.3.in */,
				60BFB80E29DD0A4200FC72FB /* sushi.3.out */,
				60BFB7ED29DD0A4100FC72FB /* sushi.4.in */,
				60BFB80C29DD0A4200FC72FB /* sushi.4.out */,
				60BFB80D29DD0A4200FC72FB /* sushi.5.in */,
				60BFB7F429DD0A4100FC72FB /* sushi.5.out */,
				60BFB80829DD0A4200FC72FB /* sushi.6.in */,
				60BFB81129DD0A4200FC72FB /* sushi.6.out */,
				60BFB81929DD0A4300FC72FB /* sushi.7.in */,
				60BFB81229DD0A4200FC72FB /* sushi.7.out */,
				60BFB7F829DD0A4200FC72FB /* sushi.8.in */,
				60BFB80029DD0A4200FC72FB /* sushi.8.out */,
				60BFB81429DD0A4200FC72FB /* sushi.9.in */,
				60BFB80629DD0A4200FC72FB /* sushi.9.out */,
				60BFB7EF29DD0A4100FC72FB /* sushi.10.in */,
				60BFB81629DD0A4200FC72FB /* sushi.10.out */,
				60BFB7FD29DD0A4200FC72FB /* sushi.11.in */,
				60BFB7E929DD0A4100FC72FB /* sushi.11.out */,
				60BFB81029DD0A4200FC72FB /* sushi.12.in */,
				60BFB7EB29DD0A4100FC72FB /* sushi.12.out */,
				60BFB81529DD0A4200FC72FB /* sushi.13.in */,
				60BFB7F629DD0A4200FC72FB /* sushi.13.out */,
				60BFB7E829DD0A4100FC72FB /* sushi.14.in */,
				60BFB80A29DD0A4200FC72FB /* sushi.14.out */,
				60BFB7FC29DD0A4200FC72FB /* sushi.15.in */,
				60BFB81C29DD0A4300FC72FB /* sushi.15.out */,
				60BFB7FF29DD0A4200FC72FB /* sushi.16.in */,
				60BFB7EA29DD0A4100FC72FB /* sushi.16.out */,
				60BFB80129DD0A4200FC72FB /* sushi.17.in */,
				60BFB7F129DD0A4100FC72FB /* sushi.17.out */,
				60BFB81A29DD0A4300FC72FB /* sushi.18.in */,
				60BFB7F729DD0A4200FC72FB /* sushi.18.out */,
				60BFB7E729DD0A4100FC72FB /* sushi.19.in */,
				60BFB80B29DD0A4200FC72FB /* sushi.19.out */,
				60BFB80329DD0A4200FC72FB /* sushi.20.in */,
				60BFB81729DD0A4300FC72FB /* sushi.20.out */,
				60BFB81329DD0A4200FC72FB /* sushi.21.in */,
				60BFB7F029DD0A4100FC72FB /* sushi.21.out */,
				60BFB80429DD0A4200FC72FB /* sushi.22.in */,
				60BFB7F229DD0A4100FC72FB /* sushi.22.out */,
				60BFB80929DD0A4200FC72FB /* sushi.23.in */,
				60BFB7FA29DD0A4200FC72FB /* sushi.23.out */,
				60BFB7F329DD0A4100FC72FB /* sushi.24.in */,
				60BFB80F29DD0A4200FC72FB /* sushi.24.out */,
				60BFB80229DD0A4200FC72FB /* sushi.25.in */,
				60BFB7EC29DD0A4100FC72FB /* sushi.25.out */,
				60BFB7F529DD0A4100FC72FB /* sushisamp.1.in */,
				60BFB80729DD0A4200FC72FB /* sushisamp.1.out */,
				60BFB7FE29DD0A4200FC72FB /* sushisamp.2.in */,
				60BFB7FB29DD0A4200FC72FB /* sushisamp.2.out */,
			);
			path = Sushi;
			sourceTree = "<group>";
		};
		60BFB81D29DD0A8C00FC72FB /* Helper Classes */ = {
			isa = PBXGroup;
			children = (
			);
			path = "Helper Classes";
			sourceTree = "<group>";
		};
		60C8079A29CCE87F00B19C00 /* Examples */ = {
			isa = PBXGroup;
			children = (
				60F4527A29CADE27004FFBF2 /* ConnectedComponents.swift */,
				60F4527829CADE11004FFBF2 /* Bipartite.swift */,
				60C8079B29CE2E5F00B19C00 /* CyclicPermutation.swift */,
				60C8079D29CE31A400B19C00 /* RepeatingSequence.swift */,
			);
			path = Examples;
			sourceTree = "<group>";
		};
		60D8268A29BA87B400FA67D0 = {
			isa = PBXGroup;
			children = (
				60D8269529BA87B400FA67D0 /* Swift-AGDS */,
				60D8269429BA87B400FA67D0 /* Products */,
			);
			sourceTree = "<group>";
		};
		60D8269429BA87B400FA67D0 /* Products */ = {
			isa = PBXGroup;
			children = (
				60D8269329BA87B400FA67D0 /* Swift-AGDS */,
			);
			name = Products;
			sourceTree = "<group>";
		};
		60D8269529BA87B400FA67D0 /* Swift-AGDS */ = {
			isa = PBXGroup;
			children = (
				600278E129D40C2700AF6B65 /* Tree */,
				60F4526729CA5441004FFBF2 /* Graph */,
				60F4526029C8F408004FFBF2 /* DataStructures */,
				60F4525D29C8EFD7004FFBF2 /* String */,
				60F4525829C3B412004FFBF2 /* SearchingSorting */,
				6025C8FB29BFBAD500F393ED /* N-Queens */,
				6025C8E329BE3C7100F393ED /* Utils */,
				60D8269D29BA87BF00FA67D0 /* Recursion */,
				60D8269629BA87B400FA67D0 /* main.swift */,
			);
			path = "Swift-AGDS";
			sourceTree = "<group>";
		};
		60D8269D29BA87BF00FA67D0 /* Recursion */ = {
			isa = PBXGroup;
			children = (
				60D8269E29BA87D700FA67D0 /* Recursion.swift */,
				60D826A029BA91F000FA67D0 /* story.txt */,
				6025C8E629BE483400F393ED /* ExhaustiveSearch.swift */,
				6025C90029BFBD7A00F393ED /* Backtracking.swift */,
			);
			path = Recursion;
			sourceTree = "<group>";
		};
		60F4525829C3B412004FFBF2 /* SearchingSorting */ = {
			isa = PBXGroup;
			children = (
				60F4525929C3B427004FFBF2 /* Searching.swift */,
				60F4525B29C3B432004FFBF2 /* Sorting.swift */,
			);
			path = SearchingSorting;
			sourceTree = "<group>";
		};
		60F4525D29C8EFD7004FFBF2 /* String */ = {
			isa = PBXGroup;
			children = (
				60F4525E29C8EFE5004FFBF2 /* String.swift */,
			);
			path = String;
			sourceTree = "<group>";
		};
		60F4526029C8F408004FFBF2 /* DataStructures */ = {
			isa = PBXGroup;
			children = (
				60F4526129C8F41C004FFBF2 /* Bag.swift */,
				60F4526329C9818E004FFBF2 /* Stack.swift */,
				60F4526529C98199004FFBF2 /* Queue.swift */,
			);
			path = DataStructures;
			sourceTree = "<group>";
		};
		60F4526729CA5441004FFBF2 /* Graph */ = {
			isa = PBXGroup;
			children = (
				60BFB81D29DD0A8C00FC72FB /* Helper Classes */,
				60C8079A29CCE87F00B19C00 /* Examples */,
				60F4526A29CAA096004FFBF2 /* AdjacencyMatrix.swift */,
				60F4526C29CAA48E004FFBF2 /* AdjacencyList.swift */,
				60F4527029CAAF4D004FFBF2 /* DFS.swift */,
				60F4526E29CAAF46004FFBF2 /* BFS.swift */,
			);
			path = Graph;
			sourceTree = "<group>";
		};
/* End PBXGroup section */

/* Begin PBXNativeTarget section */
		60D8269229BA87B400FA67D0 /* Swift-AGDS */ = {
			isa = PBXNativeTarget;
			buildConfigurationList = 60D8269A29BA87B400FA67D0 /* Build configuration list for PBXNativeTarget "Swift-AGDS" */;
			buildPhases = (
				60D8268F29BA87B400FA67D0 /* Sources */,
				60D8269029BA87B400FA67D0 /* Frameworks */,
				60D8269129BA87B400FA67D0 /* CopyFiles */,
			);
			buildRules = (
			);
			dependencies = (
			);
			name = "Swift-AGDS";
			productName = "Swift-AGDS";
			productReference = 60D8269329BA87B400FA67D0 /* Swift-AGDS */;
			productType = "com.apple.product-type.tool";
		};
/* End PBXNativeTarget section */

/* Begin PBXProject section */
		60D8268B29BA87B400FA67D0 /* Project object */ = {
			isa = PBXProject;
			attributes = {
				BuildIndependentTargetsInParallel = 1;
				LastSwiftUpdateCheck = 1420;
				LastUpgradeCheck = 1420;
				TargetAttributes = {
					60D8269229BA87B400FA67D0 = {
						CreatedOnToolsVersion = 14.2;
					};
				};
			};
			buildConfigurationList = 60D8268E29BA87B400FA67D0 /* Build configuration list for PBXProject "Swift-AGDS" */;
			compatibilityVersion = "Xcode 14.0";
			developmentRegion = en;
			hasScannedForEncodings = 0;
			knownRegions = (
				en,
				Base,
			);
			mainGroup = 60D8268A29BA87B400FA67D0;
			productRefGroup = 60D8269429BA87B400FA67D0 /* Products */;
			projectDirPath = "";
			projectRoot = "";
			targets = (
				60D8269229BA87B400FA67D0 /* Swift-AGDS */,
			);
		};
/* End PBXProject section */

/* Begin PBXSourcesBuildPhase section */
		60D8268F29BA87B400FA67D0 /* Sources */ = {
			isa = PBXSourcesBuildPhase;
			buildActionMask = 2147483647;
			files = (
				60C8079E29CE31A400B19C00 /* RepeatingSequence.swift in Sources */,
				6025C8E529BE3C8E00F393ED /* String+DPStringTool.swift in Sources */,
				600278E829D5882A00AF6B65 /* Diameter.swift in Sources */,
				60BFB7CF29DC1AA400FC72FB /* LCA.swift in Sources */,
				6025C8E729BE483400F393ED /* ExhaustiveSearch.swift in Sources */,
				60F4526229C8F41C004FFBF2 /* Bag.swift in Sources */,
				60F4526D29CAA48E004FFBF2 /* AdjacencyList.swift in Sources */,
				60F4525F29C8EFE5004FFBF2 /* String.swift in Sources */,
				60C8079C29CE2E5F00B19C00 /* CyclicPermutation.swift in Sources */,
				60F4526629C98199004FFBF2 /* Queue.swift in Sources */,
				60F4526429C9818E004FFBF2 /* Stack.swift in Sources */,
				6025C90129BFBD7A00F393ED /* Backtracking.swift in Sources */,
				60F4527929CADE11004FFBF2 /* Bipartite.swift in Sources */,
				6025C8FD29BFBB0100F393ED /* Board.swift in Sources */,
				60F4527B29CADE27004FFBF2 /* ConnectedComponents.swift in Sources */,
				60D8269F29BA87D700FA67D0 /* Recursion.swift in Sources */,
				60F4527129CAAF4D004FFBF2 /* DFS.swift in Sources */,
				60F4526B29CAA096004FFBF2 /* AdjacencyMatrix.swift in Sources */,
				60F4525A29C3B427004FFBF2 /* Searching.swift in Sources */,
				60F4525C29C3B432004FFBF2 /* Sorting.swift in Sources */,
				60D8269729BA87B400FA67D0 /* main.swift in Sources */,
				6025C8FF29BFBB0800F393ED /* QueensSolver.swift in Sources */,
				600278E629D53D5600AF6B65 /* WhosMyParent.swift in Sources */,
				60F4526F29CAAF46004FFBF2 /* BFS.swift in Sources */,
			);
			runOnlyForDeploymentPostprocessing = 0;
		};
/* End PBXSourcesBuildPhase section */

/* Begin XCBuildConfiguration section */
		60D8269829BA87B400FA67D0 /* Debug */ = {
			isa = XCBuildConfiguration;
			buildSettings = {
				ALWAYS_SEARCH_USER_PATHS = NO;
				CLANG_ANALYZER_NONNULL = YES;
				CLANG_ANALYZER_NUMBER_OBJECT_CONVERSION = YES_AGGRESSIVE;
				CLANG_CXX_LANGUAGE_STANDARD = "gnu++20";
				CLANG_ENABLE_MODULES = YES;
				CLANG_ENABLE_OBJC_ARC = YES;
				CLANG_ENABLE_OBJC_WEAK = YES;
				CLANG_WARN_BLOCK_CAPTURE_AUTORELEASING = YES;
				CLANG_WARN_BOOL_CONVERSION = YES;
				CLANG_WARN_COMMA = YES;
				CLANG_WARN_CONSTANT_CONVERSION = YES;
				CLANG_WARN_DEPRECATED_OBJC_IMPLEMENTATIONS = YES;
				CLANG_WARN_DIRECT_OBJC_ISA_USAGE = YES_ERROR;
				CLANG_WARN_DOCUMENTATION_COMMENTS = YES;
				CLANG_WARN_EMPTY_BODY = YES;
				CLANG_WARN_ENUM_CONVERSION = YES;
				CLANG_WARN_INFINITE_RECURSION = YES;
				CLANG_WARN_INT_CONVERSION = YES;
				CLANG_WARN_NON_LITERAL_NULL_CONVERSION = YES;
				CLANG_WARN_OBJC_IMPLICIT_RETAIN_SELF = YES;
				CLANG_WARN_OBJC_LITERAL_CONVERSION = YES;
				CLANG_WARN_OBJC_ROOT_CLASS = YES_ERROR;
				CLANG_WARN_QUOTED_INCLUDE_IN_FRAMEWORK_HEADER = YES;
				CLANG_WARN_RANGE_LOOP_ANALYSIS = YES;
				CLANG_WARN_STRICT_PROTOTYPES = YES;
				CLANG_WARN_SUSPICIOUS_MOVE = YES;
				CLANG_WARN_UNGUARDED_AVAILABILITY = YES_AGGRESSIVE;
				CLANG_WARN_UNREACHABLE_CODE = YES;
				CLANG_WARN__DUPLICATE_METHOD_MATCH = YES;
				COPY_PHASE_STRIP = NO;
				DEBUG_INFORMATION_FORMAT = dwarf;
				ENABLE_STRICT_OBJC_MSGSEND = YES;
				ENABLE_TESTABILITY = YES;
				GCC_C_LANGUAGE_STANDARD = gnu11;
				GCC_DYNAMIC_NO_PIC = NO;
				GCC_NO_COMMON_BLOCKS = YES;
				GCC_OPTIMIZATION_LEVEL = 0;
				GCC_PREPROCESSOR_DEFINITIONS = (
					"DEBUG=1",
					"$(inherited)",
				);
				GCC_WARN_64_TO_32_BIT_CONVERSION = YES;
				GCC_WARN_ABOUT_RETURN_TYPE = YES_ERROR;
				GCC_WARN_UNDECLARED_SELECTOR = YES;
				GCC_WARN_UNINITIALIZED_AUTOS = YES_AGGRESSIVE;
				GCC_WARN_UNUSED_FUNCTION = YES;
				GCC_WARN_UNUSED_VARIABLE = YES;
				MACOSX_DEPLOYMENT_TARGET = 13.1;
				MTL_ENABLE_DEBUG_INFO = INCLUDE_SOURCE;
				MTL_FAST_MATH = YES;
				ONLY_ACTIVE_ARCH = YES;
				SDKROOT = macosx;
				SWIFT_ACTIVE_COMPILATION_CONDITIONS = DEBUG;
				SWIFT_OPTIMIZATION_LEVEL = "-Onone";
			};
			name = Debug;
		};
		60D8269929BA87B400FA67D0 /* Release */ = {
			isa = XCBuildConfiguration;
			buildSettings = {
				ALWAYS_SEARCH_USER_PATHS = NO;
				CLANG_ANALYZER_NONNULL = YES;
				CLANG_ANALYZER_NUMBER_OBJECT_CONVERSION = YES_AGGRESSIVE;
				CLANG_CXX_LANGUAGE_STANDARD = "gnu++20";
				CLANG_ENABLE_MODULES = YES;
				CLANG_ENABLE_OBJC_ARC = YES;
				CLANG_ENABLE_OBJC_WEAK = YES;
				CLANG_WARN_BLOCK_CAPTURE_AUTORELEASING = YES;
				CLANG_WARN_BOOL_CONVERSION = YES;
				CLANG_WARN_COMMA = YES;
				CLANG_WARN_CONSTANT_CONVERSION = YES;
				CLANG_WARN_DEPRECATED_OBJC_IMPLEMENTATIONS = YES;
				CLANG_WARN_DIRECT_OBJC_ISA_USAGE = YES_ERROR;
				CLANG_WARN_DOCUMENTATION_COMMENTS = YES;
				CLANG_WARN_EMPTY_BODY = YES;
				CLANG_WARN_ENUM_CONVERSION = YES;
				CLANG_WARN_INFINITE_RECURSION = YES;
				CLANG_WARN_INT_CONVERSION = YES;
				CLANG_WARN_NON_LITERAL_NULL_CONVERSION = YES;
				CLANG_WARN_OBJC_IMPLICIT_RETAIN_SELF = YES;
				CLANG_WARN_OBJC_LITERAL_CONVERSION = YES;
				CLANG_WARN_OBJC_ROOT_CLASS = YES_ERROR;
				CLANG_WARN_QUOTED_INCLUDE_IN_FRAMEWORK_HEADER = YES;
				CLANG_WARN_RANGE_LOOP_ANALYSIS = YES;
				CLANG_WARN_STRICT_PROTOTYPES = YES;
				CLANG_WARN_SUSPICIOUS_MOVE = YES;
				CLANG_WARN_UNGUARDED_AVAILABILITY = YES_AGGRESSIVE;
				CLANG_WARN_UNREACHABLE_CODE = YES;
				CLANG_WARN__DUPLICATE_METHOD_MATCH = YES;
				COPY_PHASE_STRIP = NO;
				DEBUG_INFORMATION_FORMAT = "dwarf-with-dsym";
				ENABLE_NS_ASSERTIONS = NO;
				ENABLE_STRICT_OBJC_MSGSEND = YES;
				GCC_C_LANGUAGE_STANDARD = gnu11;
				GCC_NO_COMMON_BLOCKS = YES;
				GCC_WARN_64_TO_32_BIT_CONVERSION = YES;
				GCC_WARN_ABOUT_RETURN_TYPE = YES_ERROR;
				GCC_WARN_UNDECLARED_SELECTOR = YES;
				GCC_WARN_UNINITIALIZED_AUTOS = YES_AGGRESSIVE;
				GCC_WARN_UNUSED_FUNCTION = YES;
				GCC_WARN_UNUSED_VARIABLE = YES;
				MACOSX_DEPLOYMENT_TARGET = 13.1;
				MTL_ENABLE_DEBUG_INFO = NO;
				MTL_FAST_MATH = YES;
				SDKROOT = macosx;
				SWIFT_COMPILATION_MODE = wholemodule;
				SWIFT_OPTIMIZATION_LEVEL = "-O";
			};
			name = Release;
		};
		60D8269B29BA87B400FA67D0 /* Debug */ = {
			isa = XCBuildConfiguration;
			buildSettings = {
				CODE_SIGN_STYLE = Automatic;
				DEVELOPMENT_TEAM = 4CDTPKY853;
				ENABLE_HARDENED_RUNTIME = YES;
				PRODUCT_NAME = "$(TARGET_NAME)";
				SWIFT_VERSION = 5.0;
			};
			name = Debug;
		};
		60D8269C29BA87B400FA67D0 /* Release */ = {
			isa = XCBuildConfiguration;
			buildSettings = {
				CODE_SIGN_STYLE = Automatic;
				DEVELOPMENT_TEAM = 4CDTPKY853;
				ENABLE_HARDENED_RUNTIME = YES;
				PRODUCT_NAME = "$(TARGET_NAME)";
				SWIFT_VERSION = 5.0;
			};
			name = Release;
		};
/* End XCBuildConfiguration section */

/* Begin XCConfigurationList section */
		60D8268E29BA87B400FA67D0 /* Build configuration list for PBXProject "Swift-AGDS" */ = {
			isa = XCConfigurationList;
			buildConfigurations = (
				60D8269829BA87B400FA67D0 /* Debug */,
				60D8269929BA87B400FA67D0 /* Release */,
			);
			defaultConfigurationIsVisible = 0;
			defaultConfigurationName = Release;
		};
		60D8269A29BA87B400FA67D0 /* Build configuration list for PBXNativeTarget "Swift-AGDS" */ = {
			isa = XCConfigurationList;
			buildConfigurations = (
				60D8269B29BA87B400FA67D0 /* Debug */,
				60D8269C29BA87B400FA67D0 /* Release */,
			);
			defaultConfigurationIsVisible = 0;
			defaultConfigurationName = Release;
		};
/* End XCConfigurationList section */
	};
	rootObject = 60D8268B29BA87B400FA67D0 /* Project object */;
}
